Microsoft Visual Studio Solution File, Format Version 12.00
# Visual Studio Version 17
VisualStudioVersion = 17.0.31903.59
MinimumVisualStudioVersion = 10.0.40219.1
Project("{FAE04EC0-301F-11D3-BF4B-00C04F79EFBC}") = "HelloLive.Core", "src\HelloLive.Core\HelloLive.Core.csproj", "{7E6C3140-3F70-4E72-A0B9-97084A5670A1}"
EndProject
Project("{FAE04EC0-301F-11D3-BF4B-00C04F79EFBC}") = "HelloLive.Desktop", "src\HelloLive.Desktop\HelloLive.Desktop.csproj", "{BD87A570-4A0D-44CA-8CFD-3A31C119B53E}"
EndProject
Global
	GlobalSection(SolutionConfigurationPlatforms) = preSolution
		Debug|Any CPU = Debug|Any CPU
		Release|Any CPU = Release|Any CPU
	EndGlobalSection
	GlobalSection(ProjectConfigurationPlatforms) = postSolution
		{7E6C3140-3F70-4E72-A0B9-97084A5670A1}.Debug|Any CPU.ActiveCfg = Debug|Any CPU
		{7E6C3140-3F70-4E72-A0B9-97084A5670A1}.Debug|Any CPU.Build.0 = Debug|Any CPU
		{7E6C3140-3F70-4E72-A0B9-97084A5670A1}.Release|Any CPU.ActiveCfg = Release|Any CPU
		{7E6C3140-3F70-4E72-A0B9-97084A5670A1}.Release|Any CPU.Build.0 = Release|Any CPU
		{BD87A570-4A0D-44CA-8CFD-3A31C119B53E}.Debug|Any CPU.ActiveCfg = Debug|Any CPU
		{BD87A570-4A0D-44CA-8CFD-3A31C119B53E}.Debug|Any CPU.Build.0 = Debug|Any CPU
		{BD87A570-4A0D-44CA-8CFD-3A31C119B53E}.Release|Any CPU.ActiveCfg = Release|Any CPU
		{BD87A570-4A0D-44CA-8CFD-3A31C119B53E}.Release|Any CPU.Build.0 = Release|Any CPU
	EndGlobalSection
EndGlobal
